
Microsoft Visual Studio Solution File, Format Version 11.00
# Visual Studio 2010
Project("{FAE04EC0-301F-11D3-BF4B-00C04F79EFBC}") = "Assembly-CSharp", "Assembly-CSharp.csproj", "{83D673A9-2DF1-2239-7397-C59AC2DAAE49}"
EndProject
Project("{FAE04EC0-301F-11D3-BF4B-00C04F79EFBC}") = "Assembly-CSharp-Editor", "Assembly-CSharp-Editor.csproj", "{EA216182-2212-1314-0C64-03FAF2D7127D}"
EndProject
Global
	GlobalSection(SolutionConfigurationPlatforms) = preSolution
		Debug|Any CPU = Debug|Any CPU
		Release|Any CPU = Release|Any CPU
	EndGlobalSection
	GlobalSection(ProjectConfigurationPlatforms) = postSolution
		{83D673A9-2DF1-2239-7397-C59AC2DAAE49}.Debug|Any CPU.ActiveCfg = Debug|Any CPU
		{83D673A9-2DF1-2239-7397-C59AC2DAAE49}.Debug|Any CPU.Build.0 = Debug|Any CPU
		{83D673A9-2DF1-2239-7397-C59AC2DAAE49}.Release|Any CPU.ActiveCfg = Release|Any CPU
		{83D673A9-2DF1-2239-7397-C59AC2DAAE49}.Release|Any CPU.Build.0 = Release|Any CPU
		{EA216182-2212-1314-0C64-03FAF2D7127D}.Debug|Any CPU.ActiveCfg = Debug|Any CPU
		{EA216182-2212-1314-0C64-03FAF2D7127D}.Debug|Any CPU.Build.0 = Debug|Any CPU
		{EA216182-2212-1314-0C64-03FAF2D7127D}.Release|Any CPU.ActiveCfg = Release|Any CPU
		{EA216182-2212-1314-0C64-03FAF2D7127D}.Release|Any CPU.Build.0 = Release|Any CPU
	EndGlobalSection
	GlobalSection(SolutionProperties) = preSolution
		HideSolutionNode = FALSE
	EndGlobalSection
EndGlobal
