
Microsoft Visual Studio Solution File, Format Version 12.00
# Visual Studio 15
Project("{FAE04EC0-301F-11D3-BF4B-00C04F79EFBC}") = "Assembly-CSharp", "Assembly-CSharp.csproj", "{FA3A7F24-0253-31C6-C5C4-2A7E747D33BF}"
EndProject
Project("{FAE04EC0-301F-11D3-BF4B-00C04F79EFBC}") = "Assembly-CSharp-Editor", "Assembly-CSharp-Editor.csproj", "{67D9CD39-7B56-E96C-6B90-294E36839102}"
EndProject
Global
	GlobalSection(SolutionConfigurationPlatforms) = preSolution
		Debug|Any CPU = Debug|Any CPU
		Release|Any CPU = Release|Any CPU
	EndGlobalSection
	GlobalSection(ProjectConfigurationPlatforms) = postSolution
		{FA3A7F24-0253-31C6-C5C4-2A7E747D33BF}.Debug|Any CPU.ActiveCfg = Debug|Any CPU
		{FA3A7F24-0253-31C6-C5C4-2A7E747D33BF}.Debug|Any CPU.Build.0 = Debug|Any CPU
		{FA3A7F24-0253-31C6-C5C4-2A7E747D33BF}.Release|Any CPU.ActiveCfg = Release|Any CPU
		{FA3A7F24-0253-31C6-C5C4-2A7E747D33BF}.Release|Any CPU.Build.0 = Release|Any CPU
		{67D9CD39-7B56-E96C-6B90-294E36839102}.Debug|Any CPU.ActiveCfg = Debug|Any CPU
		{67D9CD39-7B56-E96C-6B90-294E36839102}.Debug|Any CPU.Build.0 = Debug|Any CPU
		{67D9CD39-7B56-E96C-6B90-294E36839102}.Release|Any CPU.ActiveCfg = Release|Any CPU
		{67D9CD39-7B56-E96C-6B90-294E36839102}.Release|Any CPU.Build.0 = Release|Any CPU
	EndGlobalSection
	GlobalSection(SolutionProperties) = preSolution
		HideSolutionNode = FALSE
	EndGlobalSection
EndGlobal
