
Microsoft Visual Studio Solution File, Format Version 12.00
# Visual Studio 15
Project("{FAE04EC0-301F-11D3-BF4B-00C04F79EFBC}") = "Assembly-CSharp", "Assembly-CSharp.csproj", "{61B9FB2F-971B-470E-98C2-6CEDBA760414}"
EndProject
Project("{FAE04EC0-301F-11D3-BF4B-00C04F79EFBC}") = "Assembly-CSharp-Editor", "Assembly-CSharp-Editor.csproj", "{603EED4C-6803-318F-0265-B977C1F18F12}"
EndProject
Global
	GlobalSection(SolutionConfigurationPlatforms) = preSolution
		Debug|Any CPU = Debug|Any CPU
		Release|Any CPU = Release|Any CPU
	EndGlobalSection
	GlobalSection(ProjectConfigurationPlatforms) = postSolution
		{61B9FB2F-971B-470E-98C2-6CEDBA760414}.Debug|Any CPU.ActiveCfg = Debug|Any CPU
		{61B9FB2F-971B-470E-98C2-6CEDBA760414}.Debug|Any CPU.Build.0 = Debug|Any CPU
		{61B9FB2F-971B-470E-98C2-6CEDBA760414}.Release|Any CPU.ActiveCfg = Release|Any CPU
		{61B9FB2F-971B-470E-98C2-6CEDBA760414}.Release|Any CPU.Build.0 = Release|Any CPU
		{603EED4C-6803-318F-0265-B977C1F18F12}.Debug|Any CPU.ActiveCfg = Debug|Any CPU
		{603EED4C-6803-318F-0265-B977C1F18F12}.Debug|Any CPU.Build.0 = Debug|Any CPU
		{603EED4C-6803-318F-0265-B977C1F18F12}.Release|Any CPU.ActiveCfg = Release|Any CPU
		{603EED4C-6803-318F-0265-B977C1F18F12}.Release|Any CPU.Build.0 = Release|Any CPU
	EndGlobalSection
	GlobalSection(SolutionProperties) = preSolution
		HideSolutionNode = FALSE
	EndGlobalSection
EndGlobal
